
Microsoft Visual Studio Solution File, Format Version 12.00
# Visual Studio Version 16
VisualStudioVersion = 16.0.29503.13
MinimumVisualStudioVersion = 10.0.40219.1
Project("{FAE04EC0-301F-11D3-BF4B-00C04F79EFBC}") = "Calendar_Test1", "Calendar_Test1.csproj", "{29FF5096-97AD-41F0-BBAD-7E08B463D593}"
EndProject
Global
	GlobalSection(SolutionConfigurationPlatforms) = preSolution
		Debug|Any CPU = Debug|Any CPU
		Release|Any CPU = Release|Any CPU
	EndGlobalSection
	GlobalSection(ProjectConfigurationPlatforms) = postSolution
		{29FF5096-97AD-41F0-BBAD-7E08B463D593}.Debug|Any CPU.ActiveCfg = Debug|Any CPU
		{29FF5096-97AD-41F0-BBAD-7E08B463D593}.Debug|Any CPU.Build.0 = Debug|Any CPU
		{29FF5096-97AD-41F0-BBAD-7E08B463D593}.Release|Any CPU.ActiveCfg = Release|Any CPU
		{29FF5096-97AD-41F0-BBAD-7E08B463D593}.Release|Any CPU.Build.0 = Release|Any CPU
	EndGlobalSection
	GlobalSection(SolutionProperties) = preSolution
		HideSolutionNode = FALSE
	EndGlobalSection
	GlobalSection(ExtensibilityGlobals) = postSolution
		SolutionGuid = {016E5FFA-1136-44DE-B55F-831DFD150F02}
	EndGlobalSection
EndGlobal
